
Microsoft Visual Studio Solution File, Format Version 12.00
# Visual Studio Version 17
VisualStudioVersion = 17.0.32126.317
MinimumVisualStudioVersion = 10.0.40219.1
Project("{9A19103F-16F7-4668-BE54-9A1E7A4F7556}") = "WeatherStation", "WeatherStation\WeatherStation.csproj", "{07660175-1236-4C0F-A780-D20A986605D9}"
EndProject
Global
	GlobalSection(SolutionConfigurationPlatforms) = preSolution
		Debug|Any CPU = Debug|Any CPU
		Release|Any CPU = Release|Any CPU
	EndGlobalSection
	GlobalSection(ProjectConfigurationPlatforms) = postSolution
		{07660175-1236-4C0F-A780-D20A986605D9}.Debug|Any CPU.ActiveCfg = Debug|Any CPU
		{07660175-1236-4C0F-A780-D20A986605D9}.Debug|Any CPU.Build.0 = Debug|Any CPU
		{07660175-1236-4C0F-A780-D20A986605D9}.Release|Any CPU.ActiveCfg = Release|Any CPU
		{07660175-1236-4C0F-A780-D20A986605D9}.Release|Any CPU.Build.0 = Release|Any CPU
	EndGlobalSection
	GlobalSection(SolutionProperties) = preSolution
		HideSolutionNode = FALSE
	EndGlobalSection
	GlobalSection(ExtensibilityGlobals) = postSolution
		SolutionGuid = {5EC657F9-2141-4BAF-8FA8-88976DAC2BEB}
	EndGlobalSection
EndGlobal
